
Microsoft Visual Studio Solution File, Format Version 10.00
# Visual Studio 2008
Project("{FAE04EC0-301F-11D3-BF4B-00C04F79EFBC}") = "ModelViewPresenterSample", "ModelViewPresenterSample\ModelViewPresenterSample.csproj", "{3B241166-B80D-4532-8FB2-A33EF21B7E94}"
EndProject
Project("{FAE04EC0-301F-11D3-BF4B-00C04F79EFBC}") = "RoverEntities", "RoverEntities\RoverEntities.csproj", "{62A91607-E6F3-4A84-83E8-FF16879287D5}"
EndProject
Global
	GlobalSection(SolutionConfigurationPlatforms) = preSolution
		Debug|Any CPU = Debug|Any CPU
		Release|Any CPU = Release|Any CPU
	EndGlobalSection
	GlobalSection(ProjectConfigurationPlatforms) = postSolution
		{3B241166-B80D-4532-8FB2-A33EF21B7E94}.Debug|Any CPU.ActiveCfg = Debug|Any CPU
		{3B241166-B80D-4532-8FB2-A33EF21B7E94}.Debug|Any CPU.Build.0 = Debug|Any CPU
		{3B241166-B80D-4532-8FB2-A33EF21B7E94}.Release|Any CPU.ActiveCfg = Release|Any CPU
		{3B241166-B80D-4532-8FB2-A33EF21B7E94}.Release|Any CPU.Build.0 = Release|Any CPU
		{62A91607-E6F3-4A84-83E8-FF16879287D5}.Debug|Any CPU.ActiveCfg = Debug|Any CPU
		{62A91607-E6F3-4A84-83E8-FF16879287D5}.Debug|Any CPU.Build.0 = Debug|Any CPU
		{62A91607-E6F3-4A84-83E8-FF16879287D5}.Release|Any CPU.ActiveCfg = Release|Any CPU
		{62A91607-E6F3-4A84-83E8-FF16879287D5}.Release|Any CPU.Build.0 = Release|Any CPU
	EndGlobalSection
	GlobalSection(SolutionProperties) = preSolution
		HideSolutionNode = FALSE
	EndGlobalSection
EndGlobal
